
Microsoft Visual Studio Solution File, Format Version 12.00
# Visual Studio Version 17
VisualStudioVersion = 17.8.34525.116
MinimumVisualStudioVersion = 10.0.40219.1
Project("{9A19103F-16F7-4668-BE54-9A1E7A4F7556}") = "Task2", "Task2\Task2.csproj", "{5080434E-0B8D-4551-B4CF-16FF37DF4071}"
EndProject
Project("{9A19103F-16F7-4668-BE54-9A1E7A4F7556}") = "Task1", "Task1\Task1.csproj", "{4C22C15A-C871-4F51-8767-F783721C82B9}"
EndProject
Project("{9A19103F-16F7-4668-BE54-9A1E7A4F7556}") = "Task3", "Task3\Task3.csproj", "{0C913B60-23EF-4311-A4D8-584A857861F6}"
EndProject
Project("{9A19103F-16F7-4668-BE54-9A1E7A4F7556}") = "Task4", "Task4\Task4.csproj", "{B9A5A166-788E-451E-A82F-26E51B752190}"
EndProject
Project("{2150E333-8FDC-42A3-9474-1A3956D46DE8}") = "Solution Items", "Solution Items", "{85B7FCFF-A3F0-46E4-AF8E-DCE86A4724E9}"
	ProjectSection(SolutionItems) = preProject
		.editorconfig = .editorconfig
	EndProjectSection
EndProject
Project("{FAE04EC0-301F-11D3-BF4B-00C04F79EFBC}") = "Task5", "Task5\Task5.csproj", "{EE0C805A-82BE-470B-B608-14AE11E19707}"
EndProject
Global
	GlobalSection(SolutionConfigurationPlatforms) = preSolution
		Debug|Any CPU = Debug|Any CPU
		Release|Any CPU = Release|Any CPU
	EndGlobalSection
	GlobalSection(ProjectConfigurationPlatforms) = postSolution
		{5080434E-0B8D-4551-B4CF-16FF37DF4071}.Debug|Any CPU.ActiveCfg = Debug|Any CPU
		{5080434E-0B8D-4551-B4CF-16FF37DF4071}.Debug|Any CPU.Build.0 = Debug|Any CPU
		{5080434E-0B8D-4551-B4CF-16FF37DF4071}.Release|Any CPU.ActiveCfg = Release|Any CPU
		{5080434E-0B8D-4551-B4CF-16FF37DF4071}.Release|Any CPU.Build.0 = Release|Any CPU
		{4C22C15A-C871-4F51-8767-F783721C82B9}.Debug|Any CPU.ActiveCfg = Debug|Any CPU
		{4C22C15A-C871-4F51-8767-F783721C82B9}.Debug|Any CPU.Build.0 = Debug|Any CPU
		{4C22C15A-C871-4F51-8767-F783721C82B9}.Release|Any CPU.ActiveCfg = Release|Any CPU
		{4C22C15A-C871-4F51-8767-F783721C82B9}.Release|Any CPU.Build.0 = Release|Any CPU
		{0C913B60-23EF-4311-A4D8-584A857861F6}.Debug|Any CPU.ActiveCfg = Debug|Any CPU
		{0C913B60-23EF-4311-A4D8-584A857861F6}.Debug|Any CPU.Build.0 = Debug|Any CPU
		{0C913B60-23EF-4311-A4D8-584A857861F6}.Release|Any CPU.ActiveCfg = Release|Any CPU
		{0C913B60-23EF-4311-A4D8-584A857861F6}.Release|Any CPU.Build.0 = Release|Any CPU
		{B9A5A166-788E-451E-A82F-26E51B752190}.Debug|Any CPU.ActiveCfg = Debug|Any CPU
		{B9A5A166-788E-451E-A82F-26E51B752190}.Debug|Any CPU.Build.0 = Debug|Any CPU
		{B9A5A166-788E-451E-A82F-26E51B752190}.Release|Any CPU.ActiveCfg = Release|Any CPU
		{B9A5A166-788E-451E-A82F-26E51B752190}.Release|Any CPU.Build.0 = Release|Any CPU
		{EE0C805A-82BE-470B-B608-14AE11E19707}.Debug|Any CPU.ActiveCfg = Debug|Any CPU
		{EE0C805A-82BE-470B-B608-14AE11E19707}.Debug|Any CPU.Build.0 = Debug|Any CPU
		{EE0C805A-82BE-470B-B608-14AE11E19707}.Release|Any CPU.ActiveCfg = Release|Any CPU
		{EE0C805A-82BE-470B-B608-14AE11E19707}.Release|Any CPU.Build.0 = Release|Any CPU
	EndGlobalSection
	GlobalSection(SolutionProperties) = preSolution
		HideSolutionNode = FALSE
	EndGlobalSection
	GlobalSection(ExtensibilityGlobals) = postSolution
		SolutionGuid = {E4DBDA77-FB50-4B75-A8D9-8C4001803224}
	EndGlobalSection
EndGlobal
